
Microsoft Visual Studio Solution File, Format Version 12.00
# Visual Studio 14
VisualStudioVersion = 14.0.25420.1
MinimumVisualStudioVersion = 10.0.40219.1
Project("{FAE04EC0-301F-11D3-BF4B-00C04F79EFBC}") = "ChemDoodlePoc", "ChemDoodlePoc\ChemDoodlePoc.csproj", "{F705AF6A-8938-4472-9B5F-5311759A5264}"
	ProjectSection(ProjectDependencies) = postProject
		{2AC2B698-58E4-45EA-A69E-D8380FA73B3E} = {2AC2B698-58E4-45EA-A69E-D8380FA73B3E}
	EndProjectSection
EndProject
Project("{2150E333-8FDC-42A3-9474-1A3956D46DE8}") = ".nuget", ".nuget", "{86AE1BA3-9CD5-4CC5-823F-BCC984C75D9A}"
	ProjectSection(SolutionItems) = preProject
		.nuget\NuGet.Config = .nuget\NuGet.Config
		.nuget\NuGet.targets = .nuget\NuGet.targets
	EndProjectSection
EndProject
Project("{FAE04EC0-301F-11D3-BF4B-00C04F79EFBC}") = "Chem4Word.Core", "Common\Chem4Word.Core\Chem4Word.Core.csproj", "{2E7B1308-8149-4B03-9CB9-48E0B7151560}"
EndProject
Project("{FAE04EC0-301F-11D3-BF4B-00C04F79EFBC}") = "Chem4Word.Contracts", "PlugIns\Contracts\Chem4Word.Contracts.csproj", "{BDFEE6C1-3F34-4200-9100-C543BF4C3783}"
EndProject
Project("{FAE04EC0-301F-11D3-BF4B-00C04F79EFBC}") = "Chem4Word.Model", "Chemistry\Chem4Word.Model\Chem4Word.Model.csproj", "{2AC2B698-58E4-45EA-A69E-D8380FA73B3E}"
EndProject
Global
	GlobalSection(SolutionConfigurationPlatforms) = preSolution
		Debug|Any CPU = Debug|Any CPU
		Debug|x64 = Debug|x64
		Release|Any CPU = Release|Any CPU
		Release|x64 = Release|x64
		Setup|Any CPU = Setup|Any CPU
		Setup|x64 = Setup|x64
		Vso-Ci|Any CPU = Vso-Ci|Any CPU
		Vso-Ci|x64 = Vso-Ci|x64
	EndGlobalSection
	GlobalSection(ProjectConfigurationPlatforms) = postSolution
		{F705AF6A-8938-4472-9B5F-5311759A5264}.Debug|Any CPU.ActiveCfg = Debug|Any CPU
		{F705AF6A-8938-4472-9B5F-5311759A5264}.Debug|Any CPU.Build.0 = Debug|Any CPU
		{F705AF6A-8938-4472-9B5F-5311759A5264}.Debug|x64.ActiveCfg = Debug|Any CPU
		{F705AF6A-8938-4472-9B5F-5311759A5264}.Debug|x64.Build.0 = Debug|Any CPU
		{F705AF6A-8938-4472-9B5F-5311759A5264}.Release|Any CPU.ActiveCfg = Release|Any CPU
		{F705AF6A-8938-4472-9B5F-5311759A5264}.Release|Any CPU.Build.0 = Release|Any CPU
		{F705AF6A-8938-4472-9B5F-5311759A5264}.Release|x64.ActiveCfg = Release|Any CPU
		{F705AF6A-8938-4472-9B5F-5311759A5264}.Release|x64.Build.0 = Release|Any CPU
		{F705AF6A-8938-4472-9B5F-5311759A5264}.Setup|Any CPU.ActiveCfg = Release|Any CPU
		{F705AF6A-8938-4472-9B5F-5311759A5264}.Setup|Any CPU.Build.0 = Release|Any CPU
		{F705AF6A-8938-4472-9B5F-5311759A5264}.Setup|x64.ActiveCfg = Release|Any CPU
		{F705AF6A-8938-4472-9B5F-5311759A5264}.Setup|x64.Build.0 = Release|Any CPU
		{F705AF6A-8938-4472-9B5F-5311759A5264}.Vso-Ci|Any CPU.ActiveCfg = Release|Any CPU
		{F705AF6A-8938-4472-9B5F-5311759A5264}.Vso-Ci|Any CPU.Build.0 = Release|Any CPU
		{F705AF6A-8938-4472-9B5F-5311759A5264}.Vso-Ci|x64.ActiveCfg = Release|Any CPU
		{F705AF6A-8938-4472-9B5F-5311759A5264}.Vso-Ci|x64.Build.0 = Release|Any CPU
		{2E7B1308-8149-4B03-9CB9-48E0B7151560}.Debug|Any CPU.ActiveCfg = Debug|Any CPU
		{2E7B1308-8149-4B03-9CB9-48E0B7151560}.Debug|Any CPU.Build.0 = Debug|Any CPU
		{2E7B1308-8149-4B03-9CB9-48E0B7151560}.Debug|x64.ActiveCfg = Debug|Any CPU
		{2E7B1308-8149-4B03-9CB9-48E0B7151560}.Debug|x64.Build.0 = Debug|Any CPU
		{2E7B1308-8149-4B03-9CB9-48E0B7151560}.Release|Any CPU.ActiveCfg = Release|Any CPU
		{2E7B1308-8149-4B03-9CB9-48E0B7151560}.Release|Any CPU.Build.0 = Release|Any CPU
		{2E7B1308-8149-4B03-9CB9-48E0B7151560}.Release|x64.ActiveCfg = Release|Any CPU
		{2E7B1308-8149-4B03-9CB9-48E0B7151560}.Release|x64.Build.0 = Release|Any CPU
		{2E7B1308-8149-4B03-9CB9-48E0B7151560}.Setup|Any CPU.ActiveCfg = Setup|Any CPU
		{2E7B1308-8149-4B03-9CB9-48E0B7151560}.Setup|Any CPU.Build.0 = Setup|Any CPU
		{2E7B1308-8149-4B03-9CB9-48E0B7151560}.Setup|x64.ActiveCfg = Setup|Any CPU
		{2E7B1308-8149-4B03-9CB9-48E0B7151560}.Setup|x64.Build.0 = Setup|Any CPU
		{2E7B1308-8149-4B03-9CB9-48E0B7151560}.Vso-Ci|Any CPU.ActiveCfg = Vso-Ci|Any CPU
		{2E7B1308-8149-4B03-9CB9-48E0B7151560}.Vso-Ci|Any CPU.Build.0 = Vso-Ci|Any CPU
		{2E7B1308-8149-4B03-9CB9-48E0B7151560}.Vso-Ci|x64.ActiveCfg = Vso-Ci|Any CPU
		{2E7B1308-8149-4B03-9CB9-48E0B7151560}.Vso-Ci|x64.Build.0 = Vso-Ci|Any CPU
		{BDFEE6C1-3F34-4200-9100-C543BF4C3783}.Debug|Any CPU.ActiveCfg = Debug|Any CPU
		{BDFEE6C1-3F34-4200-9100-C543BF4C3783}.Debug|Any CPU.Build.0 = Debug|Any CPU
		{BDFEE6C1-3F34-4200-9100-C543BF4C3783}.Debug|x64.ActiveCfg = Debug|Any CPU
		{BDFEE6C1-3F34-4200-9100-C543BF4C3783}.Debug|x64.Build.0 = Debug|Any CPU
		{BDFEE6C1-3F34-4200-9100-C543BF4C3783}.Release|Any CPU.ActiveCfg = Release|Any CPU
		{BDFEE6C1-3F34-4200-9100-C543BF4C3783}.Release|Any CPU.Build.0 = Release|Any CPU
		{BDFEE6C1-3F34-4200-9100-C543BF4C3783}.Release|x64.ActiveCfg = Release|Any CPU
		{BDFEE6C1-3F34-4200-9100-C543BF4C3783}.Release|x64.Build.0 = Release|Any CPU
		{BDFEE6C1-3F34-4200-9100-C543BF4C3783}.Setup|Any CPU.ActiveCfg = Setup|Any CPU
		{BDFEE6C1-3F34-4200-9100-C543BF4C3783}.Setup|Any CPU.Build.0 = Setup|Any CPU
		{BDFEE6C1-3F34-4200-9100-C543BF4C3783}.Setup|x64.ActiveCfg = Setup|Any CPU
		{BDFEE6C1-3F34-4200-9100-C543BF4C3783}.Setup|x64.Build.0 = Setup|Any CPU
		{BDFEE6C1-3F34-4200-9100-C543BF4C3783}.Vso-Ci|Any CPU.ActiveCfg = Vso-Ci|Any CPU
		{BDFEE6C1-3F34-4200-9100-C543BF4C3783}.Vso-Ci|Any CPU.Build.0 = Vso-Ci|Any CPU
		{BDFEE6C1-3F34-4200-9100-C543BF4C3783}.Vso-Ci|x64.ActiveCfg = Vso-Ci|Any CPU
		{BDFEE6C1-3F34-4200-9100-C543BF4C3783}.Vso-Ci|x64.Build.0 = Vso-Ci|Any CPU
		{2AC2B698-58E4-45EA-A69E-D8380FA73B3E}.Debug|Any CPU.ActiveCfg = Debug|Any CPU
		{2AC2B698-58E4-45EA-A69E-D8380FA73B3E}.Debug|Any CPU.Build.0 = Debug|Any CPU
		{2AC2B698-58E4-45EA-A69E-D8380FA73B3E}.Debug|x64.ActiveCfg = Debug|x64
		{2AC2B698-58E4-45EA-A69E-D8380FA73B3E}.Debug|x64.Build.0 = Debug|x64
		{2AC2B698-58E4-45EA-A69E-D8380FA73B3E}.Release|Any CPU.ActiveCfg = Release|Any CPU
		{2AC2B698-58E4-45EA-A69E-D8380FA73B3E}.Release|Any CPU.Build.0 = Release|Any CPU
		{2AC2B698-58E4-45EA-A69E-D8380FA73B3E}.Release|x64.ActiveCfg = Release|x64
		{2AC2B698-58E4-45EA-A69E-D8380FA73B3E}.Release|x64.Build.0 = Release|x64
		{2AC2B698-58E4-45EA-A69E-D8380FA73B3E}.Setup|Any CPU.ActiveCfg = Setup|Any CPU
		{2AC2B698-58E4-45EA-A69E-D8380FA73B3E}.Setup|Any CPU.Build.0 = Setup|Any CPU
		{2AC2B698-58E4-45EA-A69E-D8380FA73B3E}.Setup|x64.ActiveCfg = Setup|x64
		{2AC2B698-58E4-45EA-A69E-D8380FA73B3E}.Setup|x64.Build.0 = Setup|x64
		{2AC2B698-58E4-45EA-A69E-D8380FA73B3E}.Vso-Ci|Any CPU.ActiveCfg = Vso-Ci|Any CPU
		{2AC2B698-58E4-45EA-A69E-D8380FA73B3E}.Vso-Ci|Any CPU.Build.0 = Vso-Ci|Any CPU
		{2AC2B698-58E4-45EA-A69E-D8380FA73B3E}.Vso-Ci|x64.ActiveCfg = Vso-Ci|x64
		{2AC2B698-58E4-45EA-A69E-D8380FA73B3E}.Vso-Ci|x64.Build.0 = Vso-Ci|x64
	EndGlobalSection
	GlobalSection(SolutionProperties) = preSolution
		HideSolutionNode = FALSE
	EndGlobalSection
EndGlobal
