
Microsoft Visual Studio Solution File, Format Version 12.00
# Visual Studio 14
VisualStudioVersion = 14.0.25420.1
MinimumVisualStudioVersion = 10.0.40219.1
Project("{2150E333-8FDC-42A3-9474-1A3956D46DE8}") = ".nuget", ".nuget", "{D4427174-46F5-4058-8934-4CEAFDBAF60D}"
	ProjectSection(SolutionItems) = preProject
		.nuget\NuGet.Config = .nuget\NuGet.Config
	EndProjectSection
EndProject
Project("{2150E333-8FDC-42A3-9474-1A3956D46DE8}") = "PlugIns", "PlugIns", "{B7F29690-10BF-4CC2-AD00-9FD0D42ED765}"
EndProject
Project("{2150E333-8FDC-42A3-9474-1A3956D46DE8}") = "Editors", "Editors", "{C14AF02F-B11C-4479-8E8F-4F520FCB8D50}"
EndProject
Project("{2150E333-8FDC-42A3-9474-1A3956D46DE8}") = "Renderers", "Renderers", "{77402065-C813-43A2-B02F-A130EC546A90}"
EndProject
Project("{FAE04EC0-301F-11D3-BF4B-00C04F79EFBC}") = "Chem4Word.Core", "Common\Chem4Word.Core\Chem4Word.Core.csproj", "{2E7B1308-8149-4B03-9CB9-48E0B7151560}"
EndProject
Project("{FAE04EC0-301F-11D3-BF4B-00C04F79EFBC}") = "Chem4Word.Model", "Chemistry\Chem4Word.Model\Chem4Word.Model.csproj", "{2AC2B698-58E4-45EA-A69E-D8380FA73B3E}"
EndProject
Project("{2150E333-8FDC-42A3-9474-1A3956D46DE8}") = "Searchers", "Searchers", "{48664FD8-69B3-4A6D-82DC-F32CC5B51D01}"
EndProject
Project("{FAE04EC0-301F-11D3-BF4B-00C04F79EFBC}") = "Chem4WordTests", "Chem4WordTests\Chem4WordTests.csproj", "{6C85CD96-6C59-4172-9C9E-62D216D40ED1}"
EndProject
Project("{FAE04EC0-301F-11D3-BF4B-00C04F79EFBC}") = "Chem4Word.View", "Chemistry\Controls\Chem4Word.ViewModel\Chem4Word.View.csproj", "{352C0710-FE0D-41CE-AC98-A1AF992F9EFF}"
EndProject
Project("{FAE04EC0-301F-11D3-BF4B-00C04F79EFBC}") = "Chem4Word.Controls", "Chemistry\Controls\Chem4Word.Controls\Chem4Word.Controls.csproj", "{2029399E-696B-46F4-822D-BE3DF61C8256}"
EndProject
Project("{FAE04EC0-301F-11D3-BF4B-00C04F79EFBC}") = "WinFormsTestHarness", "TestHarness\WindowsForms-TestHarness\WinFormsTestHarness.csproj", "{C5F54FA8-376E-442F-AE3C-DCFDC112B190}"
EndProject
Project("{2150E333-8FDC-42A3-9474-1A3956D46DE8}") = "Testing", "Testing", "{2E9CE94F-9664-44CB-90B5-D1E0253E528C}"
EndProject
Project("{FAE04EC0-301F-11D3-BF4B-00C04F79EFBC}") = "WpfTestHarness", "TestHarness\WPF-TestHarness\WpfTestHarness.csproj", "{F2BB13C0-6970-427F-9AA8-98390741EFF2}"
EndProject
Project("{FAE04EC0-301F-11D3-BF4B-00C04F79EFBC}") = "WPFTagTestHarness", "TestHarness\WPFTagTestHarness\WPFTagTestHarness.csproj", "{F763C2B0-CB6B-42A4-9BB4-C9FB375BEC3C}"
EndProject
Project("{FAE04EC0-301F-11D3-BF4B-00C04F79EFBC}") = "Chem4Word.V3", "Chem4Word.V3\Chem4Word.V3.csproj", "{578789AB-84C4-4EA5-831D-BDCF20BA465F}"
	ProjectSection(ProjectDependencies) = postProject
		{8C226D4E-FB23-4501-AEAE-796028C9874B} = {8C226D4E-FB23-4501-AEAE-796028C9874B}
		{D4824C54-8F53-4711-A727-535376656B28} = {D4824C54-8F53-4711-A727-535376656B28}
		{666B7E5E-D48A-42CF-91A6-8E58E90B830D} = {666B7E5E-D48A-42CF-91A6-8E58E90B830D}
		{061F7B7B-89AE-4095-B3BB-B297F015A038} = {061F7B7B-89AE-4095-B3BB-B297F015A038}
		{1049E49F-753E-4C98-ACAF-BE4250C2DC3D} = {1049E49F-753E-4C98-ACAF-BE4250C2DC3D}
		{BB7BD7A5-B266-402C-9C53-A42B5A07D101} = {BB7BD7A5-B266-402C-9C53-A42B5A07D101}
		{EB6953E3-E0C3-468D-BD7E-2811CB275C75} = {EB6953E3-E0C3-468D-BD7E-2811CB275C75}
		{0EB3EFF1-FA71-4E65-8B4F-4C6FC632817B} = {0EB3EFF1-FA71-4E65-8B4F-4C6FC632817B}
	EndProjectSection
EndProject
Project("{FAE04EC0-301F-11D3-BF4B-00C04F79EFBC}") = "Chem4Word.Editor.SimpleWpfEditor", "PlugIns\Editors\SimpleWpfEditor\Chem4Word.Editor.SimpleWpfEditor.csproj", "{BB7BD7A5-B266-402C-9C53-A42B5A07D101}"
EndProject
Project("{FAE04EC0-301F-11D3-BF4B-00C04F79EFBC}") = "Chem4Word.Renderer.OoXmlV3", "PlugIns\Renderers\OoXmlV3\Chem4Word.Renderer.OoXmlV3.csproj", "{D4824C54-8F53-4711-A727-535376656B28}"
EndProject
Project("{FAE04EC0-301F-11D3-BF4B-00C04F79EFBC}") = "Chem4Word.Searcher.ChEBIPlugin", "PlugIns\Searchers\Chem4Word.Searcher.ChEBIPlugin\Chem4Word.Searcher.ChEBIPlugin.csproj", "{0EB3EFF1-FA71-4E65-8B4F-4C6FC632817B}"
EndProject
Project("{FAE04EC0-301F-11D3-BF4B-00C04F79EFBC}") = "Chem4Word.Searcher.ExamplePlugIn", "PlugIns\Searchers\Chem4Word.Searcher.ExamplePlugIn\Chem4Word.Searcher.ExamplePlugIn.csproj", "{9CD3871B-9A42-497B-9004-77C42C856889}"
EndProject
Project("{FAE04EC0-301F-11D3-BF4B-00C04F79EFBC}") = "Chem4Word.Searcher.OpsinPlugIn", "PlugIns\Searchers\Chem4Word.Searcher.OpsinPlugIn\Chem4Word.Searcher.OpsinPlugIn.csproj", "{061F7B7B-89AE-4095-B3BB-B297F015A038}"
EndProject
Project("{FAE04EC0-301F-11D3-BF4B-00C04F79EFBC}") = "Chem4Word.Searcher.PubChemPlugIn", "PlugIns\Searchers\Chem4Word.Searcher.PubChemPlugIn\Chem4Word.Searcher.PubChemPlugIn.csproj", "{1049E49F-753E-4C98-ACAF-BE4250C2DC3D}"
EndProject
Project("{FAE04EC0-301F-11D3-BF4B-00C04F79EFBC}") = "Chem4Word.Telemetry", "Common\Telemetry\Chem4Word.Telemetry.csproj", "{C89BC92A-4183-48A6-B039-AD76AA1DF48F}"
EndProject
Project("{2150E333-8FDC-42A3-9474-1A3956D46DE8}") = "Common", "Common", "{914705CC-C9EF-4F33-8412-080D84924CE0}"
EndProject
Project("{2150E333-8FDC-42A3-9474-1A3956D46DE8}") = "Chemistry", "Chemistry", "{0A7C66AA-7788-4EA5-AC94-8CBB354010CD}"
EndProject
Project("{FAE04EC0-301F-11D3-BF4B-00C04F79EFBC}") = "Chem4Word.Contracts", "PlugIns\Contracts\Chem4Word.Contracts.csproj", "{BDFEE6C1-3F34-4200-9100-C543BF4C3783}"
EndProject
Project("{2150E333-8FDC-42A3-9474-1A3956D46DE8}") = "Installer", "Installer", "{738340DC-D00E-4A6F-A715-552CA5C5C6C6}"
EndProject
Project("{930C7802-8A8C-48F9-8165-68863BCCD9DD}") = "WiX-Installer", "Installer\WiXInstaller\WiX-Installer.wixproj", "{746E1493-1B1E-482C-8FA4-C147237F4F7B}"
	ProjectSection(ProjectDependencies) = postProject
		{D8A20813-2BAC-4094-9586-927121C10D06} = {D8A20813-2BAC-4094-9586-927121C10D06}
	EndProjectSection
EndProject
Project("{FAE04EC0-301F-11D3-BF4B-00C04F79EFBC}") = "Chem4WordSetup", "Installer\Chem4WordSetup\Chem4WordSetup.csproj", "{3F2A5C9A-1776-4252-B370-5965362A94E6}"
EndProject
Project("{FAE04EC0-301F-11D3-BF4B-00C04F79EFBC}") = "Chem4WordUpdater", "Installer\Chem4WordUpdater\Chem4WordUpdater.csproj", "{EB6953E3-E0C3-468D-BD7E-2811CB275C75}"
EndProject
Project("{FAE04EC0-301F-11D3-BF4B-00C04F79EFBC}") = "WiX.CustomAction", "Installer\WiX.CustomAction\WiX.CustomAction.csproj", "{D8A20813-2BAC-4094-9586-927121C10D06}"
EndProject
Project("{2150E333-8FDC-42A3-9474-1A3956D46DE8}") = "Tools", "Tools", "{3699F2D4-9F6F-4983-8006-33687EC7E2DB}"
	ProjectSection(SolutionItems) = preProject
		Tools\Install-Dev-Certificate.ps1 = Tools\Install-Dev-Certificate.ps1
		SetAssemblyVersion.ps1 = SetAssemblyVersion.ps1
	EndProjectSection
EndProject
Project("{2150E333-8FDC-42A3-9474-1A3956D46DE8}") = "Notes", "Notes", "{1B81DF60-6A34-4B5B-86F3-24ED42587450}"
	ProjectSection(SolutionItems) = preProject
		Notes\Build Event Macro Locations.xlsx = Notes\Build Event Macro Locations.xlsx
		Notes\MDL CTFile Formats.pdf = Notes\MDL CTFile Formats.pdf
		Notes\Metro Icon Colours.txt = Notes\Metro Icon Colours.txt
		Notes\MolFileFormat.txt = Notes\MolFileFormat.txt
		Notes\Releases.txt = Notes\Releases.txt
		Notes\Snippets.txt = Notes\Snippets.txt
		Notes\Solution Notes.txt = Notes\Solution Notes.txt
	EndProjectSection
EndProject
Project("{FAE04EC0-301F-11D3-BF4B-00C04F79EFBC}") = "Chem4Word.Editor.ChemDoodleWeb800", "PlugIns\Editors\ChemDoodleWeb.800\Chem4Word.Editor.ChemDoodleWeb800.csproj", "{666B7E5E-D48A-42CF-91A6-8E58E90B830D}"
EndProject
Project("{FAE04EC0-301F-11D3-BF4B-00C04F79EFBC}") = "Chem4Word.Editor.ChemDoodleWeb702", "PlugIns\Editors\ChemDoodleWeb.702\Chem4Word.Editor.ChemDoodleWeb702.csproj", "{8C226D4E-FB23-4501-AEAE-796028C9874B}"
EndProject
Global
	GlobalSection(SolutionConfigurationPlatforms) = preSolution
		Debug|Any CPU = Debug|Any CPU
		Debug|x64 = Debug|x64
		Debug|x86 = Debug|x86
		Release|Any CPU = Release|Any CPU
		Release|x64 = Release|x64
		Release|x86 = Release|x86
		Setup|Any CPU = Setup|Any CPU
		Setup|x64 = Setup|x64
		Setup|x86 = Setup|x86
		Vso-Ci|Any CPU = Vso-Ci|Any CPU
		Vso-Ci|x64 = Vso-Ci|x64
		Vso-Ci|x86 = Vso-Ci|x86
	EndGlobalSection
	GlobalSection(ProjectConfigurationPlatforms) = postSolution
		{2E7B1308-8149-4B03-9CB9-48E0B7151560}.Debug|Any CPU.ActiveCfg = Debug|Any CPU
		{2E7B1308-8149-4B03-9CB9-48E0B7151560}.Debug|Any CPU.Build.0 = Debug|Any CPU
		{2E7B1308-8149-4B03-9CB9-48E0B7151560}.Debug|x64.ActiveCfg = Debug|Any CPU
		{2E7B1308-8149-4B03-9CB9-48E0B7151560}.Debug|x64.Build.0 = Debug|Any CPU
		{2E7B1308-8149-4B03-9CB9-48E0B7151560}.Debug|x86.ActiveCfg = Debug|Any CPU
		{2E7B1308-8149-4B03-9CB9-48E0B7151560}.Debug|x86.Build.0 = Debug|Any CPU
		{2E7B1308-8149-4B03-9CB9-48E0B7151560}.Release|Any CPU.ActiveCfg = Release|Any CPU
		{2E7B1308-8149-4B03-9CB9-48E0B7151560}.Release|Any CPU.Build.0 = Release|Any CPU
		{2E7B1308-8149-4B03-9CB9-48E0B7151560}.Release|x64.ActiveCfg = Release|Any CPU
		{2E7B1308-8149-4B03-9CB9-48E0B7151560}.Release|x64.Build.0 = Release|Any CPU
		{2E7B1308-8149-4B03-9CB9-48E0B7151560}.Release|x86.ActiveCfg = Release|Any CPU
		{2E7B1308-8149-4B03-9CB9-48E0B7151560}.Release|x86.Build.0 = Release|Any CPU
		{2E7B1308-8149-4B03-9CB9-48E0B7151560}.Setup|Any CPU.ActiveCfg = Setup|Any CPU
		{2E7B1308-8149-4B03-9CB9-48E0B7151560}.Setup|Any CPU.Build.0 = Setup|Any CPU
		{2E7B1308-8149-4B03-9CB9-48E0B7151560}.Setup|x64.ActiveCfg = Setup|Any CPU
		{2E7B1308-8149-4B03-9CB9-48E0B7151560}.Setup|x64.Build.0 = Setup|Any CPU
		{2E7B1308-8149-4B03-9CB9-48E0B7151560}.Setup|x86.ActiveCfg = Setup|Any CPU
		{2E7B1308-8149-4B03-9CB9-48E0B7151560}.Setup|x86.Build.0 = Setup|Any CPU
		{2E7B1308-8149-4B03-9CB9-48E0B7151560}.Vso-Ci|Any CPU.ActiveCfg = Vso-Ci|Any CPU
		{2E7B1308-8149-4B03-9CB9-48E0B7151560}.Vso-Ci|Any CPU.Build.0 = Vso-Ci|Any CPU
		{2E7B1308-8149-4B03-9CB9-48E0B7151560}.Vso-Ci|x64.ActiveCfg = Vso-Ci|Any CPU
		{2E7B1308-8149-4B03-9CB9-48E0B7151560}.Vso-Ci|x64.Build.0 = Vso-Ci|Any CPU
		{2E7B1308-8149-4B03-9CB9-48E0B7151560}.Vso-Ci|x86.ActiveCfg = Vso-Ci|Any CPU
		{2E7B1308-8149-4B03-9CB9-48E0B7151560}.Vso-Ci|x86.Build.0 = Vso-Ci|Any CPU
		{2AC2B698-58E4-45EA-A69E-D8380FA73B3E}.Debug|Any CPU.ActiveCfg = Debug|Any CPU
		{2AC2B698-58E4-45EA-A69E-D8380FA73B3E}.Debug|Any CPU.Build.0 = Debug|Any CPU
		{2AC2B698-58E4-45EA-A69E-D8380FA73B3E}.Debug|x64.ActiveCfg = Debug|x64
		{2AC2B698-58E4-45EA-A69E-D8380FA73B3E}.Debug|x64.Build.0 = Debug|x64
		{2AC2B698-58E4-45EA-A69E-D8380FA73B3E}.Debug|x86.ActiveCfg = Debug|Any CPU
		{2AC2B698-58E4-45EA-A69E-D8380FA73B3E}.Debug|x86.Build.0 = Debug|Any CPU
		{2AC2B698-58E4-45EA-A69E-D8380FA73B3E}.Release|Any CPU.ActiveCfg = Release|Any CPU
		{2AC2B698-58E4-45EA-A69E-D8380FA73B3E}.Release|Any CPU.Build.0 = Release|Any CPU
		{2AC2B698-58E4-45EA-A69E-D8380FA73B3E}.Release|x64.ActiveCfg = Release|x64
		{2AC2B698-58E4-45EA-A69E-D8380FA73B3E}.Release|x64.Build.0 = Release|x64
		{2AC2B698-58E4-45EA-A69E-D8380FA73B3E}.Release|x86.ActiveCfg = Release|Any CPU
		{2AC2B698-58E4-45EA-A69E-D8380FA73B3E}.Release|x86.Build.0 = Release|Any CPU
		{2AC2B698-58E4-45EA-A69E-D8380FA73B3E}.Setup|Any CPU.ActiveCfg = Setup|Any CPU
		{2AC2B698-58E4-45EA-A69E-D8380FA73B3E}.Setup|Any CPU.Build.0 = Setup|Any CPU
		{2AC2B698-58E4-45EA-A69E-D8380FA73B3E}.Setup|x64.ActiveCfg = Vso-Ci|x64
		{2AC2B698-58E4-45EA-A69E-D8380FA73B3E}.Setup|x64.Build.0 = Vso-Ci|x64
		{2AC2B698-58E4-45EA-A69E-D8380FA73B3E}.Setup|x86.ActiveCfg = Vso-Ci|Any CPU
		{2AC2B698-58E4-45EA-A69E-D8380FA73B3E}.Setup|x86.Build.0 = Vso-Ci|Any CPU
		{2AC2B698-58E4-45EA-A69E-D8380FA73B3E}.Vso-Ci|Any CPU.ActiveCfg = Vso-Ci|Any CPU
		{2AC2B698-58E4-45EA-A69E-D8380FA73B3E}.Vso-Ci|Any CPU.Build.0 = Vso-Ci|Any CPU
		{2AC2B698-58E4-45EA-A69E-D8380FA73B3E}.Vso-Ci|x64.ActiveCfg = Vso-Ci|x64
		{2AC2B698-58E4-45EA-A69E-D8380FA73B3E}.Vso-Ci|x64.Build.0 = Vso-Ci|x64
		{2AC2B698-58E4-45EA-A69E-D8380FA73B3E}.Vso-Ci|x86.ActiveCfg = Vso-Ci|Any CPU
		{2AC2B698-58E4-45EA-A69E-D8380FA73B3E}.Vso-Ci|x86.Build.0 = Vso-Ci|Any CPU
		{6C85CD96-6C59-4172-9C9E-62D216D40ED1}.Debug|Any CPU.ActiveCfg = Debug|Any CPU
		{6C85CD96-6C59-4172-9C9E-62D216D40ED1}.Debug|Any CPU.Build.0 = Debug|Any CPU
		{6C85CD96-6C59-4172-9C9E-62D216D40ED1}.Debug|x64.ActiveCfg = Debug|Any CPU
		{6C85CD96-6C59-4172-9C9E-62D216D40ED1}.Debug|x64.Build.0 = Debug|Any CPU
		{6C85CD96-6C59-4172-9C9E-62D216D40ED1}.Debug|x86.ActiveCfg = Debug|Any CPU
		{6C85CD96-6C59-4172-9C9E-62D216D40ED1}.Debug|x86.Build.0 = Debug|Any CPU
		{6C85CD96-6C59-4172-9C9E-62D216D40ED1}.Release|Any CPU.ActiveCfg = Release|Any CPU
		{6C85CD96-6C59-4172-9C9E-62D216D40ED1}.Release|x64.ActiveCfg = Release|Any CPU
		{6C85CD96-6C59-4172-9C9E-62D216D40ED1}.Release|x64.Build.0 = Release|Any CPU
		{6C85CD96-6C59-4172-9C9E-62D216D40ED1}.Release|x86.ActiveCfg = Release|Any CPU
		{6C85CD96-6C59-4172-9C9E-62D216D40ED1}.Release|x86.Build.0 = Release|Any CPU
		{6C85CD96-6C59-4172-9C9E-62D216D40ED1}.Setup|Any CPU.ActiveCfg = Setup|Any CPU
		{6C85CD96-6C59-4172-9C9E-62D216D40ED1}.Setup|x64.ActiveCfg = Setup|Any CPU
		{6C85CD96-6C59-4172-9C9E-62D216D40ED1}.Setup|x64.Build.0 = Setup|Any CPU
		{6C85CD96-6C59-4172-9C9E-62D216D40ED1}.Setup|x86.ActiveCfg = Setup|Any CPU
		{6C85CD96-6C59-4172-9C9E-62D216D40ED1}.Setup|x86.Build.0 = Setup|Any CPU
		{6C85CD96-6C59-4172-9C9E-62D216D40ED1}.Vso-Ci|Any CPU.ActiveCfg = Vso-Ci|Any CPU
		{6C85CD96-6C59-4172-9C9E-62D216D40ED1}.Vso-Ci|Any CPU.Build.0 = Vso-Ci|Any CPU
		{6C85CD96-6C59-4172-9C9E-62D216D40ED1}.Vso-Ci|x64.ActiveCfg = Release|Any CPU
		{6C85CD96-6C59-4172-9C9E-62D216D40ED1}.Vso-Ci|x64.Build.0 = Release|Any CPU
		{6C85CD96-6C59-4172-9C9E-62D216D40ED1}.Vso-Ci|x86.ActiveCfg = Release|Any CPU
		{6C85CD96-6C59-4172-9C9E-62D216D40ED1}.Vso-Ci|x86.Build.0 = Release|Any CPU
		{352C0710-FE0D-41CE-AC98-A1AF992F9EFF}.Debug|Any CPU.ActiveCfg = Debug|Any CPU
		{352C0710-FE0D-41CE-AC98-A1AF992F9EFF}.Debug|Any CPU.Build.0 = Debug|Any CPU
		{352C0710-FE0D-41CE-AC98-A1AF992F9EFF}.Debug|x64.ActiveCfg = Debug|Any CPU
		{352C0710-FE0D-41CE-AC98-A1AF992F9EFF}.Debug|x64.Build.0 = Debug|Any CPU
		{352C0710-FE0D-41CE-AC98-A1AF992F9EFF}.Debug|x86.ActiveCfg = Debug|Any CPU
		{352C0710-FE0D-41CE-AC98-A1AF992F9EFF}.Debug|x86.Build.0 = Debug|Any CPU
		{352C0710-FE0D-41CE-AC98-A1AF992F9EFF}.Release|Any CPU.ActiveCfg = Release|Any CPU
		{352C0710-FE0D-41CE-AC98-A1AF992F9EFF}.Release|Any CPU.Build.0 = Release|Any CPU
		{352C0710-FE0D-41CE-AC98-A1AF992F9EFF}.Release|x64.ActiveCfg = Release|Any CPU
		{352C0710-FE0D-41CE-AC98-A1AF992F9EFF}.Release|x64.Build.0 = Release|Any CPU
		{352C0710-FE0D-41CE-AC98-A1AF992F9EFF}.Release|x86.ActiveCfg = Release|Any CPU
		{352C0710-FE0D-41CE-AC98-A1AF992F9EFF}.Release|x86.Build.0 = Release|Any CPU
		{352C0710-FE0D-41CE-AC98-A1AF992F9EFF}.Setup|Any CPU.ActiveCfg = Setup|Any CPU
		{352C0710-FE0D-41CE-AC98-A1AF992F9EFF}.Setup|Any CPU.Build.0 = Setup|Any CPU
		{352C0710-FE0D-41CE-AC98-A1AF992F9EFF}.Setup|x64.ActiveCfg = Vso-Ci|Any CPU
		{352C0710-FE0D-41CE-AC98-A1AF992F9EFF}.Setup|x64.Build.0 = Vso-Ci|Any CPU
		{352C0710-FE0D-41CE-AC98-A1AF992F9EFF}.Setup|x86.ActiveCfg = Vso-Ci|Any CPU
		{352C0710-FE0D-41CE-AC98-A1AF992F9EFF}.Setup|x86.Build.0 = Vso-Ci|Any CPU
		{352C0710-FE0D-41CE-AC98-A1AF992F9EFF}.Vso-Ci|Any CPU.ActiveCfg = Vso-Ci|Any CPU
		{352C0710-FE0D-41CE-AC98-A1AF992F9EFF}.Vso-Ci|Any CPU.Build.0 = Vso-Ci|Any CPU
		{352C0710-FE0D-41CE-AC98-A1AF992F9EFF}.Vso-Ci|x64.ActiveCfg = Release|Any CPU
		{352C0710-FE0D-41CE-AC98-A1AF992F9EFF}.Vso-Ci|x64.Build.0 = Release|Any CPU
		{352C0710-FE0D-41CE-AC98-A1AF992F9EFF}.Vso-Ci|x86.ActiveCfg = Release|Any CPU
		{352C0710-FE0D-41CE-AC98-A1AF992F9EFF}.Vso-Ci|x86.Build.0 = Release|Any CPU
		{2029399E-696B-46F4-822D-BE3DF61C8256}.Debug|Any CPU.ActiveCfg = Debug|Any CPU
		{2029399E-696B-46F4-822D-BE3DF61C8256}.Debug|Any CPU.Build.0 = Debug|Any CPU
		{2029399E-696B-46F4-822D-BE3DF61C8256}.Debug|x64.ActiveCfg = Debug|Any CPU
		{2029399E-696B-46F4-822D-BE3DF61C8256}.Debug|x64.Build.0 = Debug|Any CPU
		{2029399E-696B-46F4-822D-BE3DF61C8256}.Debug|x86.ActiveCfg = Debug|Any CPU
		{2029399E-696B-46F4-822D-BE3DF61C8256}.Debug|x86.Build.0 = Debug|Any CPU
		{2029399E-696B-46F4-822D-BE3DF61C8256}.Release|Any CPU.ActiveCfg = Release|Any CPU
		{2029399E-696B-46F4-822D-BE3DF61C8256}.Release|Any CPU.Build.0 = Release|Any CPU
		{2029399E-696B-46F4-822D-BE3DF61C8256}.Release|x64.ActiveCfg = Release|Any CPU
		{2029399E-696B-46F4-822D-BE3DF61C8256}.Release|x64.Build.0 = Release|Any CPU
		{2029399E-696B-46F4-822D-BE3DF61C8256}.Release|x86.ActiveCfg = Release|Any CPU
		{2029399E-696B-46F4-822D-BE3DF61C8256}.Release|x86.Build.0 = Release|Any CPU
		{2029399E-696B-46F4-822D-BE3DF61C8256}.Setup|Any CPU.ActiveCfg = Setup|Any CPU
		{2029399E-696B-46F4-822D-BE3DF61C8256}.Setup|Any CPU.Build.0 = Setup|Any CPU
		{2029399E-696B-46F4-822D-BE3DF61C8256}.Setup|x64.ActiveCfg = Vso-Ci|Any CPU
		{2029399E-696B-46F4-822D-BE3DF61C8256}.Setup|x64.Build.0 = Vso-Ci|Any CPU
		{2029399E-696B-46F4-822D-BE3DF61C8256}.Setup|x86.ActiveCfg = Vso-Ci|Any CPU
		{2029399E-696B-46F4-822D-BE3DF61C8256}.Setup|x86.Build.0 = Vso-Ci|Any CPU
		{2029399E-696B-46F4-822D-BE3DF61C8256}.Vso-Ci|Any CPU.ActiveCfg = Vso-Ci|Any CPU
		{2029399E-696B-46F4-822D-BE3DF61C8256}.Vso-Ci|Any CPU.Build.0 = Vso-Ci|Any CPU
		{2029399E-696B-46F4-822D-BE3DF61C8256}.Vso-Ci|x64.ActiveCfg = Release|Any CPU
		{2029399E-696B-46F4-822D-BE3DF61C8256}.Vso-Ci|x64.Build.0 = Release|Any CPU
		{2029399E-696B-46F4-822D-BE3DF61C8256}.Vso-Ci|x86.ActiveCfg = Release|Any CPU
		{2029399E-696B-46F4-822D-BE3DF61C8256}.Vso-Ci|x86.Build.0 = Release|Any CPU
		{C5F54FA8-376E-442F-AE3C-DCFDC112B190}.Debug|Any CPU.ActiveCfg = Debug|Any CPU
		{C5F54FA8-376E-442F-AE3C-DCFDC112B190}.Debug|Any CPU.Build.0 = Debug|Any CPU
		{C5F54FA8-376E-442F-AE3C-DCFDC112B190}.Debug|x64.ActiveCfg = Debug|Any CPU
		{C5F54FA8-376E-442F-AE3C-DCFDC112B190}.Debug|x64.Build.0 = Debug|Any CPU
		{C5F54FA8-376E-442F-AE3C-DCFDC112B190}.Debug|x86.ActiveCfg = Debug|Any CPU
		{C5F54FA8-376E-442F-AE3C-DCFDC112B190}.Debug|x86.Build.0 = Debug|Any CPU
		{C5F54FA8-376E-442F-AE3C-DCFDC112B190}.Release|Any CPU.ActiveCfg = Release|Any CPU
		{C5F54FA8-376E-442F-AE3C-DCFDC112B190}.Release|x64.ActiveCfg = Release|Any CPU
		{C5F54FA8-376E-442F-AE3C-DCFDC112B190}.Release|x64.Build.0 = Release|Any CPU
		{C5F54FA8-376E-442F-AE3C-DCFDC112B190}.Release|x86.ActiveCfg = Release|Any CPU
		{C5F54FA8-376E-442F-AE3C-DCFDC112B190}.Release|x86.Build.0 = Release|Any CPU
		{C5F54FA8-376E-442F-AE3C-DCFDC112B190}.Setup|Any CPU.ActiveCfg = Setup|Any CPU
		{C5F54FA8-376E-442F-AE3C-DCFDC112B190}.Setup|x64.ActiveCfg = Setup|Any CPU
		{C5F54FA8-376E-442F-AE3C-DCFDC112B190}.Setup|x64.Build.0 = Setup|Any CPU
		{C5F54FA8-376E-442F-AE3C-DCFDC112B190}.Setup|x86.ActiveCfg = Setup|Any CPU
		{C5F54FA8-376E-442F-AE3C-DCFDC112B190}.Setup|x86.Build.0 = Setup|Any CPU
		{C5F54FA8-376E-442F-AE3C-DCFDC112B190}.Vso-Ci|Any CPU.ActiveCfg = Vso-Ci|Any CPU
		{C5F54FA8-376E-442F-AE3C-DCFDC112B190}.Vso-Ci|x64.ActiveCfg = Vso-Ci|Any CPU
		{C5F54FA8-376E-442F-AE3C-DCFDC112B190}.Vso-Ci|x64.Build.0 = Vso-Ci|Any CPU
		{C5F54FA8-376E-442F-AE3C-DCFDC112B190}.Vso-Ci|x86.ActiveCfg = Vso-Ci|Any CPU
		{C5F54FA8-376E-442F-AE3C-DCFDC112B190}.Vso-Ci|x86.Build.0 = Vso-Ci|Any CPU
		{F2BB13C0-6970-427F-9AA8-98390741EFF2}.Debug|Any CPU.ActiveCfg = Debug|Any CPU
		{F2BB13C0-6970-427F-9AA8-98390741EFF2}.Debug|x64.ActiveCfg = Debug|Any CPU
		{F2BB13C0-6970-427F-9AA8-98390741EFF2}.Debug|x64.Build.0 = Debug|Any CPU
		{F2BB13C0-6970-427F-9AA8-98390741EFF2}.Debug|x86.ActiveCfg = Debug|Any CPU
		{F2BB13C0-6970-427F-9AA8-98390741EFF2}.Debug|x86.Build.0 = Debug|Any CPU
		{F2BB13C0-6970-427F-9AA8-98390741EFF2}.Release|Any CPU.ActiveCfg = Release|Any CPU
		{F2BB13C0-6970-427F-9AA8-98390741EFF2}.Release|x64.ActiveCfg = Release|Any CPU
		{F2BB13C0-6970-427F-9AA8-98390741EFF2}.Release|x64.Build.0 = Release|Any CPU
		{F2BB13C0-6970-427F-9AA8-98390741EFF2}.Release|x86.ActiveCfg = Release|Any CPU
		{F2BB13C0-6970-427F-9AA8-98390741EFF2}.Release|x86.Build.0 = Release|Any CPU
		{F2BB13C0-6970-427F-9AA8-98390741EFF2}.Setup|Any CPU.ActiveCfg = Setup|Any CPU
		{F2BB13C0-6970-427F-9AA8-98390741EFF2}.Setup|x64.ActiveCfg = Setup|Any CPU
		{F2BB13C0-6970-427F-9AA8-98390741EFF2}.Setup|x64.Build.0 = Setup|Any CPU
		{F2BB13C0-6970-427F-9AA8-98390741EFF2}.Setup|x86.ActiveCfg = Setup|Any CPU
		{F2BB13C0-6970-427F-9AA8-98390741EFF2}.Setup|x86.Build.0 = Setup|Any CPU
		{F2BB13C0-6970-427F-9AA8-98390741EFF2}.Vso-Ci|Any CPU.ActiveCfg = Vso-Ci|Any CPU
		{F2BB13C0-6970-427F-9AA8-98390741EFF2}.Vso-Ci|x64.ActiveCfg = Vso-Ci|Any CPU
		{F2BB13C0-6970-427F-9AA8-98390741EFF2}.Vso-Ci|x64.Build.0 = Vso-Ci|Any CPU
		{F2BB13C0-6970-427F-9AA8-98390741EFF2}.Vso-Ci|x86.ActiveCfg = Vso-Ci|Any CPU
		{F2BB13C0-6970-427F-9AA8-98390741EFF2}.Vso-Ci|x86.Build.0 = Vso-Ci|Any CPU
		{F763C2B0-CB6B-42A4-9BB4-C9FB375BEC3C}.Debug|Any CPU.ActiveCfg = Debug|Any CPU
		{F763C2B0-CB6B-42A4-9BB4-C9FB375BEC3C}.Debug|x64.ActiveCfg = Debug|Any CPU
		{F763C2B0-CB6B-42A4-9BB4-C9FB375BEC3C}.Debug|x64.Build.0 = Debug|Any CPU
		{F763C2B0-CB6B-42A4-9BB4-C9FB375BEC3C}.Debug|x86.ActiveCfg = Debug|Any CPU
		{F763C2B0-CB6B-42A4-9BB4-C9FB375BEC3C}.Debug|x86.Build.0 = Debug|Any CPU
		{F763C2B0-CB6B-42A4-9BB4-C9FB375BEC3C}.Release|Any CPU.ActiveCfg = Release|Any CPU
		{F763C2B0-CB6B-42A4-9BB4-C9FB375BEC3C}.Release|x64.ActiveCfg = Release|Any CPU
		{F763C2B0-CB6B-42A4-9BB4-C9FB375BEC3C}.Release|x64.Build.0 = Release|Any CPU
		{F763C2B0-CB6B-42A4-9BB4-C9FB375BEC3C}.Release|x86.ActiveCfg = Release|Any CPU
		{F763C2B0-CB6B-42A4-9BB4-C9FB375BEC3C}.Release|x86.Build.0 = Release|Any CPU
		{F763C2B0-CB6B-42A4-9BB4-C9FB375BEC3C}.Setup|Any CPU.ActiveCfg = Setup|Any CPU
		{F763C2B0-CB6B-42A4-9BB4-C9FB375BEC3C}.Setup|x64.ActiveCfg = Setup|Any CPU
		{F763C2B0-CB6B-42A4-9BB4-C9FB375BEC3C}.Setup|x64.Build.0 = Setup|Any CPU
		{F763C2B0-CB6B-42A4-9BB4-C9FB375BEC3C}.Setup|x86.ActiveCfg = Setup|Any CPU
		{F763C2B0-CB6B-42A4-9BB4-C9FB375BEC3C}.Setup|x86.Build.0 = Setup|Any CPU
		{F763C2B0-CB6B-42A4-9BB4-C9FB375BEC3C}.Vso-Ci|Any CPU.ActiveCfg = Vso-Ci|Any CPU
		{F763C2B0-CB6B-42A4-9BB4-C9FB375BEC3C}.Vso-Ci|Any CPU.Deploy.0 = Vso-Ci|Any CPU
		{F763C2B0-CB6B-42A4-9BB4-C9FB375BEC3C}.Vso-Ci|x64.ActiveCfg = Vso-Ci|Any CPU
		{F763C2B0-CB6B-42A4-9BB4-C9FB375BEC3C}.Vso-Ci|x64.Build.0 = Vso-Ci|Any CPU
		{F763C2B0-CB6B-42A4-9BB4-C9FB375BEC3C}.Vso-Ci|x86.ActiveCfg = Vso-Ci|Any CPU
		{F763C2B0-CB6B-42A4-9BB4-C9FB375BEC3C}.Vso-Ci|x86.Build.0 = Vso-Ci|Any CPU
		{578789AB-84C4-4EA5-831D-BDCF20BA465F}.Debug|Any CPU.ActiveCfg = Debug|Any CPU
		{578789AB-84C4-4EA5-831D-BDCF20BA465F}.Debug|Any CPU.Build.0 = Debug|Any CPU
		{578789AB-84C4-4EA5-831D-BDCF20BA465F}.Debug|x64.ActiveCfg = Debug|Any CPU
		{578789AB-84C4-4EA5-831D-BDCF20BA465F}.Debug|x64.Build.0 = Debug|Any CPU
		{578789AB-84C4-4EA5-831D-BDCF20BA465F}.Debug|x86.ActiveCfg = Debug|Any CPU
		{578789AB-84C4-4EA5-831D-BDCF20BA465F}.Debug|x86.Build.0 = Debug|Any CPU
		{578789AB-84C4-4EA5-831D-BDCF20BA465F}.Release|Any CPU.ActiveCfg = Release|Any CPU
		{578789AB-84C4-4EA5-831D-BDCF20BA465F}.Release|Any CPU.Build.0 = Release|Any CPU
		{578789AB-84C4-4EA5-831D-BDCF20BA465F}.Release|x64.ActiveCfg = Release|Any CPU
		{578789AB-84C4-4EA5-831D-BDCF20BA465F}.Release|x64.Build.0 = Release|Any CPU
		{578789AB-84C4-4EA5-831D-BDCF20BA465F}.Release|x86.ActiveCfg = Release|Any CPU
		{578789AB-84C4-4EA5-831D-BDCF20BA465F}.Release|x86.Build.0 = Release|Any CPU
		{578789AB-84C4-4EA5-831D-BDCF20BA465F}.Setup|Any CPU.ActiveCfg = Setup|Any CPU
		{578789AB-84C4-4EA5-831D-BDCF20BA465F}.Setup|Any CPU.Build.0 = Setup|Any CPU
		{578789AB-84C4-4EA5-831D-BDCF20BA465F}.Setup|x64.ActiveCfg = Setup|Any CPU
		{578789AB-84C4-4EA5-831D-BDCF20BA465F}.Setup|x64.Build.0 = Setup|Any CPU
		{578789AB-84C4-4EA5-831D-BDCF20BA465F}.Setup|x86.ActiveCfg = Setup|Any CPU
		{578789AB-84C4-4EA5-831D-BDCF20BA465F}.Setup|x86.Build.0 = Setup|Any CPU
		{578789AB-84C4-4EA5-831D-BDCF20BA465F}.Vso-Ci|Any CPU.ActiveCfg = Vso-Ci|Any CPU
		{578789AB-84C4-4EA5-831D-BDCF20BA465F}.Vso-Ci|Any CPU.Build.0 = Vso-Ci|Any CPU
		{578789AB-84C4-4EA5-831D-BDCF20BA465F}.Vso-Ci|x64.ActiveCfg = Vso-Ci|Any CPU
		{578789AB-84C4-4EA5-831D-BDCF20BA465F}.Vso-Ci|x64.Build.0 = Vso-Ci|Any CPU
		{578789AB-84C4-4EA5-831D-BDCF20BA465F}.Vso-Ci|x86.ActiveCfg = Vso-Ci|Any CPU
		{578789AB-84C4-4EA5-831D-BDCF20BA465F}.Vso-Ci|x86.Build.0 = Vso-Ci|Any CPU
		{BB7BD7A5-B266-402C-9C53-A42B5A07D101}.Debug|Any CPU.ActiveCfg = Debug|Any CPU
		{BB7BD7A5-B266-402C-9C53-A42B5A07D101}.Debug|Any CPU.Build.0 = Debug|Any CPU
		{BB7BD7A5-B266-402C-9C53-A42B5A07D101}.Debug|x64.ActiveCfg = Debug|Any CPU
		{BB7BD7A5-B266-402C-9C53-A42B5A07D101}.Debug|x64.Build.0 = Debug|Any CPU
		{BB7BD7A5-B266-402C-9C53-A42B5A07D101}.Debug|x86.ActiveCfg = Debug|Any CPU
		{BB7BD7A5-B266-402C-9C53-A42B5A07D101}.Debug|x86.Build.0 = Debug|Any CPU
		{BB7BD7A5-B266-402C-9C53-A42B5A07D101}.Release|Any CPU.ActiveCfg = Release|Any CPU
		{BB7BD7A5-B266-402C-9C53-A42B5A07D101}.Release|x64.ActiveCfg = Release|Any CPU
		{BB7BD7A5-B266-402C-9C53-A42B5A07D101}.Release|x64.Build.0 = Release|Any CPU
		{BB7BD7A5-B266-402C-9C53-A42B5A07D101}.Release|x86.ActiveCfg = Release|Any CPU
		{BB7BD7A5-B266-402C-9C53-A42B5A07D101}.Release|x86.Build.0 = Release|Any CPU
		{BB7BD7A5-B266-402C-9C53-A42B5A07D101}.Setup|Any CPU.ActiveCfg = Setup|Any CPU
		{BB7BD7A5-B266-402C-9C53-A42B5A07D101}.Setup|x64.ActiveCfg = Setup|Any CPU
		{BB7BD7A5-B266-402C-9C53-A42B5A07D101}.Setup|x64.Build.0 = Setup|Any CPU
		{BB7BD7A5-B266-402C-9C53-A42B5A07D101}.Setup|x86.ActiveCfg = Setup|Any CPU
		{BB7BD7A5-B266-402C-9C53-A42B5A07D101}.Setup|x86.Build.0 = Setup|Any CPU
		{BB7BD7A5-B266-402C-9C53-A42B5A07D101}.Vso-Ci|Any CPU.ActiveCfg = Vso-Ci|Any CPU
		{BB7BD7A5-B266-402C-9C53-A42B5A07D101}.Vso-Ci|Any CPU.Build.0 = Vso-Ci|Any CPU
		{BB7BD7A5-B266-402C-9C53-A42B5A07D101}.Vso-Ci|x64.ActiveCfg = Vso-Ci|Any CPU
		{BB7BD7A5-B266-402C-9C53-A42B5A07D101}.Vso-Ci|x64.Build.0 = Vso-Ci|Any CPU
		{BB7BD7A5-B266-402C-9C53-A42B5A07D101}.Vso-Ci|x86.ActiveCfg = Vso-Ci|Any CPU
		{BB7BD7A5-B266-402C-9C53-A42B5A07D101}.Vso-Ci|x86.Build.0 = Vso-Ci|Any CPU
		{D4824C54-8F53-4711-A727-535376656B28}.Debug|Any CPU.ActiveCfg = Debug|Any CPU
		{D4824C54-8F53-4711-A727-535376656B28}.Debug|Any CPU.Build.0 = Debug|Any CPU
		{D4824C54-8F53-4711-A727-535376656B28}.Debug|x64.ActiveCfg = Debug|Any CPU
		{D4824C54-8F53-4711-A727-535376656B28}.Debug|x64.Build.0 = Debug|Any CPU
		{D4824C54-8F53-4711-A727-535376656B28}.Debug|x86.ActiveCfg = Debug|Any CPU
		{D4824C54-8F53-4711-A727-535376656B28}.Debug|x86.Build.0 = Debug|Any CPU
		{D4824C54-8F53-4711-A727-535376656B28}.Release|Any CPU.ActiveCfg = Release|Any CPU
		{D4824C54-8F53-4711-A727-535376656B28}.Release|Any CPU.Build.0 = Release|Any CPU
		{D4824C54-8F53-4711-A727-535376656B28}.Release|x64.ActiveCfg = Release|Any CPU
		{D4824C54-8F53-4711-A727-535376656B28}.Release|x64.Build.0 = Release|Any CPU
		{D4824C54-8F53-4711-A727-535376656B28}.Release|x86.ActiveCfg = Release|Any CPU
		{D4824C54-8F53-4711-A727-535376656B28}.Release|x86.Build.0 = Release|Any CPU
		{D4824C54-8F53-4711-A727-535376656B28}.Setup|Any CPU.ActiveCfg = Setup|Any CPU
		{D4824C54-8F53-4711-A727-535376656B28}.Setup|Any CPU.Build.0 = Setup|Any CPU
		{D4824C54-8F53-4711-A727-535376656B28}.Setup|x64.ActiveCfg = Setup|Any CPU
		{D4824C54-8F53-4711-A727-535376656B28}.Setup|x64.Build.0 = Setup|Any CPU
		{D4824C54-8F53-4711-A727-535376656B28}.Setup|x86.ActiveCfg = Setup|Any CPU
		{D4824C54-8F53-4711-A727-535376656B28}.Setup|x86.Build.0 = Setup|Any CPU
		{D4824C54-8F53-4711-A727-535376656B28}.Vso-Ci|Any CPU.ActiveCfg = Vso-Ci|Any CPU
		{D4824C54-8F53-4711-A727-535376656B28}.Vso-Ci|Any CPU.Build.0 = Vso-Ci|Any CPU
		{D4824C54-8F53-4711-A727-535376656B28}.Vso-Ci|x64.ActiveCfg = Vso-Ci|Any CPU
		{D4824C54-8F53-4711-A727-535376656B28}.Vso-Ci|x64.Build.0 = Vso-Ci|Any CPU
		{D4824C54-8F53-4711-A727-535376656B28}.Vso-Ci|x86.ActiveCfg = Vso-Ci|Any CPU
		{D4824C54-8F53-4711-A727-535376656B28}.Vso-Ci|x86.Build.0 = Vso-Ci|Any CPU
		{0EB3EFF1-FA71-4E65-8B4F-4C6FC632817B}.Debug|Any CPU.ActiveCfg = Debug|Any CPU
		{0EB3EFF1-FA71-4E65-8B4F-4C6FC632817B}.Debug|Any CPU.Build.0 = Debug|Any CPU
		{0EB3EFF1-FA71-4E65-8B4F-4C6FC632817B}.Debug|x64.ActiveCfg = Debug|Any CPU
		{0EB3EFF1-FA71-4E65-8B4F-4C6FC632817B}.Debug|x64.Build.0 = Debug|Any CPU
		{0EB3EFF1-FA71-4E65-8B4F-4C6FC632817B}.Debug|x86.ActiveCfg = Debug|Any CPU
		{0EB3EFF1-FA71-4E65-8B4F-4C6FC632817B}.Debug|x86.Build.0 = Debug|Any CPU
		{0EB3EFF1-FA71-4E65-8B4F-4C6FC632817B}.Release|Any CPU.ActiveCfg = Release|Any CPU
		{0EB3EFF1-FA71-4E65-8B4F-4C6FC632817B}.Release|Any CPU.Build.0 = Release|Any CPU
		{0EB3EFF1-FA71-4E65-8B4F-4C6FC632817B}.Release|x64.ActiveCfg = Release|Any CPU
		{0EB3EFF1-FA71-4E65-8B4F-4C6FC632817B}.Release|x64.Build.0 = Release|Any CPU
		{0EB3EFF1-FA71-4E65-8B4F-4C6FC632817B}.Release|x86.ActiveCfg = Release|Any CPU
		{0EB3EFF1-FA71-4E65-8B4F-4C6FC632817B}.Release|x86.Build.0 = Release|Any CPU
		{0EB3EFF1-FA71-4E65-8B4F-4C6FC632817B}.Setup|Any CPU.ActiveCfg = Setup|Any CPU
		{0EB3EFF1-FA71-4E65-8B4F-4C6FC632817B}.Setup|Any CPU.Build.0 = Setup|Any CPU
		{0EB3EFF1-FA71-4E65-8B4F-4C6FC632817B}.Setup|x64.ActiveCfg = Setup|Any CPU
		{0EB3EFF1-FA71-4E65-8B4F-4C6FC632817B}.Setup|x64.Build.0 = Setup|Any CPU
		{0EB3EFF1-FA71-4E65-8B4F-4C6FC632817B}.Setup|x86.ActiveCfg = Setup|Any CPU
		{0EB3EFF1-FA71-4E65-8B4F-4C6FC632817B}.Setup|x86.Build.0 = Setup|Any CPU
		{0EB3EFF1-FA71-4E65-8B4F-4C6FC632817B}.Vso-Ci|Any CPU.ActiveCfg = Vso-Ci|Any CPU
		{0EB3EFF1-FA71-4E65-8B4F-4C6FC632817B}.Vso-Ci|Any CPU.Build.0 = Vso-Ci|Any CPU
		{0EB3EFF1-FA71-4E65-8B4F-4C6FC632817B}.Vso-Ci|x64.ActiveCfg = Release|Any CPU
		{0EB3EFF1-FA71-4E65-8B4F-4C6FC632817B}.Vso-Ci|x64.Build.0 = Release|Any CPU
		{0EB3EFF1-FA71-4E65-8B4F-4C6FC632817B}.Vso-Ci|x86.ActiveCfg = Release|Any CPU
		{0EB3EFF1-FA71-4E65-8B4F-4C6FC632817B}.Vso-Ci|x86.Build.0 = Release|Any CPU
		{9CD3871B-9A42-497B-9004-77C42C856889}.Debug|Any CPU.ActiveCfg = Debug|Any CPU
		{9CD3871B-9A42-497B-9004-77C42C856889}.Debug|x64.ActiveCfg = Debug|Any CPU
		{9CD3871B-9A42-497B-9004-77C42C856889}.Debug|x64.Build.0 = Debug|Any CPU
		{9CD3871B-9A42-497B-9004-77C42C856889}.Debug|x86.ActiveCfg = Debug|Any CPU
		{9CD3871B-9A42-497B-9004-77C42C856889}.Debug|x86.Build.0 = Debug|Any CPU
		{9CD3871B-9A42-497B-9004-77C42C856889}.Release|Any CPU.ActiveCfg = Release|Any CPU
		{9CD3871B-9A42-497B-9004-77C42C856889}.Release|x64.ActiveCfg = Release|Any CPU
		{9CD3871B-9A42-497B-9004-77C42C856889}.Release|x64.Build.0 = Release|Any CPU
		{9CD3871B-9A42-497B-9004-77C42C856889}.Release|x86.ActiveCfg = Release|Any CPU
		{9CD3871B-9A42-497B-9004-77C42C856889}.Release|x86.Build.0 = Release|Any CPU
		{9CD3871B-9A42-497B-9004-77C42C856889}.Setup|Any CPU.ActiveCfg = Setup|Any CPU
		{9CD3871B-9A42-497B-9004-77C42C856889}.Setup|x64.ActiveCfg = Setup|Any CPU
		{9CD3871B-9A42-497B-9004-77C42C856889}.Setup|x64.Build.0 = Setup|Any CPU
		{9CD3871B-9A42-497B-9004-77C42C856889}.Setup|x86.ActiveCfg = Setup|Any CPU
		{9CD3871B-9A42-497B-9004-77C42C856889}.Setup|x86.Build.0 = Setup|Any CPU
		{9CD3871B-9A42-497B-9004-77C42C856889}.Vso-Ci|Any CPU.ActiveCfg = Vso-Ci|Any CPU
		{9CD3871B-9A42-497B-9004-77C42C856889}.Vso-Ci|Any CPU.Build.0 = Vso-Ci|Any CPU
		{9CD3871B-9A42-497B-9004-77C42C856889}.Vso-Ci|x64.ActiveCfg = Vso-Ci|Any CPU
		{9CD3871B-9A42-497B-9004-77C42C856889}.Vso-Ci|x64.Build.0 = Vso-Ci|Any CPU
		{9CD3871B-9A42-497B-9004-77C42C856889}.Vso-Ci|x86.ActiveCfg = Vso-Ci|Any CPU
		{9CD3871B-9A42-497B-9004-77C42C856889}.Vso-Ci|x86.Build.0 = Vso-Ci|Any CPU
		{061F7B7B-89AE-4095-B3BB-B297F015A038}.Debug|Any CPU.ActiveCfg = Debug|Any CPU
		{061F7B7B-89AE-4095-B3BB-B297F015A038}.Debug|Any CPU.Build.0 = Debug|Any CPU
		{061F7B7B-89AE-4095-B3BB-B297F015A038}.Debug|x64.ActiveCfg = Debug|Any CPU
		{061F7B7B-89AE-4095-B3BB-B297F015A038}.Debug|x64.Build.0 = Debug|Any CPU
		{061F7B7B-89AE-4095-B3BB-B297F015A038}.Debug|x86.ActiveCfg = Debug|Any CPU
		{061F7B7B-89AE-4095-B3BB-B297F015A038}.Debug|x86.Build.0 = Debug|Any CPU
		{061F7B7B-89AE-4095-B3BB-B297F015A038}.Release|Any CPU.ActiveCfg = Release|Any CPU
		{061F7B7B-89AE-4095-B3BB-B297F015A038}.Release|Any CPU.Build.0 = Release|Any CPU
		{061F7B7B-89AE-4095-B3BB-B297F015A038}.Release|x64.ActiveCfg = Release|Any CPU
		{061F7B7B-89AE-4095-B3BB-B297F015A038}.Release|x64.Build.0 = Release|Any CPU
		{061F7B7B-89AE-4095-B3BB-B297F015A038}.Release|x86.ActiveCfg = Release|Any CPU
		{061F7B7B-89AE-4095-B3BB-B297F015A038}.Release|x86.Build.0 = Release|Any CPU
		{061F7B7B-89AE-4095-B3BB-B297F015A038}.Setup|Any CPU.ActiveCfg = Setup|Any CPU
		{061F7B7B-89AE-4095-B3BB-B297F015A038}.Setup|Any CPU.Build.0 = Setup|Any CPU
		{061F7B7B-89AE-4095-B3BB-B297F015A038}.Setup|x64.ActiveCfg = Setup|Any CPU
		{061F7B7B-89AE-4095-B3BB-B297F015A038}.Setup|x64.Build.0 = Setup|Any CPU
		{061F7B7B-89AE-4095-B3BB-B297F015A038}.Setup|x86.ActiveCfg = Setup|Any CPU
		{061F7B7B-89AE-4095-B3BB-B297F015A038}.Setup|x86.Build.0 = Setup|Any CPU
		{061F7B7B-89AE-4095-B3BB-B297F015A038}.Vso-Ci|Any CPU.ActiveCfg = Vso-Ci|Any CPU
		{061F7B7B-89AE-4095-B3BB-B297F015A038}.Vso-Ci|Any CPU.Build.0 = Vso-Ci|Any CPU
		{061F7B7B-89AE-4095-B3BB-B297F015A038}.Vso-Ci|x64.ActiveCfg = Vso-Ci|Any CPU
		{061F7B7B-89AE-4095-B3BB-B297F015A038}.Vso-Ci|x64.Build.0 = Vso-Ci|Any CPU
		{061F7B7B-89AE-4095-B3BB-B297F015A038}.Vso-Ci|x86.ActiveCfg = Vso-Ci|Any CPU
		{061F7B7B-89AE-4095-B3BB-B297F015A038}.Vso-Ci|x86.Build.0 = Vso-Ci|Any CPU
		{1049E49F-753E-4C98-ACAF-BE4250C2DC3D}.Debug|Any CPU.ActiveCfg = Debug|Any CPU
		{1049E49F-753E-4C98-ACAF-BE4250C2DC3D}.Debug|Any CPU.Build.0 = Debug|Any CPU
		{1049E49F-753E-4C98-ACAF-BE4250C2DC3D}.Debug|x64.ActiveCfg = Debug|Any CPU
		{1049E49F-753E-4C98-ACAF-BE4250C2DC3D}.Debug|x64.Build.0 = Debug|Any CPU
		{1049E49F-753E-4C98-ACAF-BE4250C2DC3D}.Debug|x86.ActiveCfg = Debug|Any CPU
		{1049E49F-753E-4C98-ACAF-BE4250C2DC3D}.Debug|x86.Build.0 = Debug|Any CPU
		{1049E49F-753E-4C98-ACAF-BE4250C2DC3D}.Release|Any CPU.ActiveCfg = Release|Any CPU
		{1049E49F-753E-4C98-ACAF-BE4250C2DC3D}.Release|Any CPU.Build.0 = Release|Any CPU
		{1049E49F-753E-4C98-ACAF-BE4250C2DC3D}.Release|x64.ActiveCfg = Release|Any CPU
		{1049E49F-753E-4C98-ACAF-BE4250C2DC3D}.Release|x64.Build.0 = Release|Any CPU
		{1049E49F-753E-4C98-ACAF-BE4250C2DC3D}.Release|x86.ActiveCfg = Release|Any CPU
		{1049E49F-753E-4C98-ACAF-BE4250C2DC3D}.Release|x86.Build.0 = Release|Any CPU
		{1049E49F-753E-4C98-ACAF-BE4250C2DC3D}.Setup|Any CPU.ActiveCfg = Setup|Any CPU
		{1049E49F-753E-4C98-ACAF-BE4250C2DC3D}.Setup|Any CPU.Build.0 = Setup|Any CPU
		{1049E49F-753E-4C98-ACAF-BE4250C2DC3D}.Setup|x64.ActiveCfg = Setup|Any CPU
		{1049E49F-753E-4C98-ACAF-BE4250C2DC3D}.Setup|x64.Build.0 = Setup|Any CPU
		{1049E49F-753E-4C98-ACAF-BE4250C2DC3D}.Setup|x86.ActiveCfg = Setup|Any CPU
		{1049E49F-753E-4C98-ACAF-BE4250C2DC3D}.Setup|x86.Build.0 = Setup|Any CPU
		{1049E49F-753E-4C98-ACAF-BE4250C2DC3D}.Vso-Ci|Any CPU.ActiveCfg = Vso-Ci|Any CPU
		{1049E49F-753E-4C98-ACAF-BE4250C2DC3D}.Vso-Ci|Any CPU.Build.0 = Vso-Ci|Any CPU
		{1049E49F-753E-4C98-ACAF-BE4250C2DC3D}.Vso-Ci|x64.ActiveCfg = Vso-Ci|Any CPU
		{1049E49F-753E-4C98-ACAF-BE4250C2DC3D}.Vso-Ci|x64.Build.0 = Vso-Ci|Any CPU
		{1049E49F-753E-4C98-ACAF-BE4250C2DC3D}.Vso-Ci|x86.ActiveCfg = Vso-Ci|Any CPU
		{1049E49F-753E-4C98-ACAF-BE4250C2DC3D}.Vso-Ci|x86.Build.0 = Vso-Ci|Any CPU
		{C89BC92A-4183-48A6-B039-AD76AA1DF48F}.Debug|Any CPU.ActiveCfg = Debug|Any CPU
		{C89BC92A-4183-48A6-B039-AD76AA1DF48F}.Debug|Any CPU.Build.0 = Debug|Any CPU
		{C89BC92A-4183-48A6-B039-AD76AA1DF48F}.Debug|x64.ActiveCfg = Debug|Any CPU
		{C89BC92A-4183-48A6-B039-AD76AA1DF48F}.Debug|x64.Build.0 = Debug|Any CPU
		{C89BC92A-4183-48A6-B039-AD76AA1DF48F}.Debug|x86.ActiveCfg = Debug|Any CPU
		{C89BC92A-4183-48A6-B039-AD76AA1DF48F}.Debug|x86.Build.0 = Debug|Any CPU
		{C89BC92A-4183-48A6-B039-AD76AA1DF48F}.Release|Any CPU.ActiveCfg = Release|Any CPU
		{C89BC92A-4183-48A6-B039-AD76AA1DF48F}.Release|Any CPU.Build.0 = Release|Any CPU
		{C89BC92A-4183-48A6-B039-AD76AA1DF48F}.Release|x64.ActiveCfg = Release|Any CPU
		{C89BC92A-4183-48A6-B039-AD76AA1DF48F}.Release|x64.Build.0 = Release|Any CPU
		{C89BC92A-4183-48A6-B039-AD76AA1DF48F}.Release|x86.ActiveCfg = Release|Any CPU
		{C89BC92A-4183-48A6-B039-AD76AA1DF48F}.Release|x86.Build.0 = Release|Any CPU
		{C89BC92A-4183-48A6-B039-AD76AA1DF48F}.Setup|Any CPU.ActiveCfg = Setup|Any CPU
		{C89BC92A-4183-48A6-B039-AD76AA1DF48F}.Setup|Any CPU.Build.0 = Setup|Any CPU
		{C89BC92A-4183-48A6-B039-AD76AA1DF48F}.Setup|x64.ActiveCfg = Setup|Any CPU
		{C89BC92A-4183-48A6-B039-AD76AA1DF48F}.Setup|x64.Build.0 = Setup|Any CPU
		{C89BC92A-4183-48A6-B039-AD76AA1DF48F}.Setup|x86.ActiveCfg = Setup|Any CPU
		{C89BC92A-4183-48A6-B039-AD76AA1DF48F}.Setup|x86.Build.0 = Setup|Any CPU
		{C89BC92A-4183-48A6-B039-AD76AA1DF48F}.Vso-Ci|Any CPU.ActiveCfg = Vso-Ci|Any CPU
		{C89BC92A-4183-48A6-B039-AD76AA1DF48F}.Vso-Ci|Any CPU.Build.0 = Vso-Ci|Any CPU
		{C89BC92A-4183-48A6-B039-AD76AA1DF48F}.Vso-Ci|x64.ActiveCfg = Vso-Ci|Any CPU
		{C89BC92A-4183-48A6-B039-AD76AA1DF48F}.Vso-Ci|x64.Build.0 = Vso-Ci|Any CPU
		{C89BC92A-4183-48A6-B039-AD76AA1DF48F}.Vso-Ci|x86.ActiveCfg = Vso-Ci|Any CPU
		{C89BC92A-4183-48A6-B039-AD76AA1DF48F}.Vso-Ci|x86.Build.0 = Vso-Ci|Any CPU
		{BDFEE6C1-3F34-4200-9100-C543BF4C3783}.Debug|Any CPU.ActiveCfg = Debug|Any CPU
		{BDFEE6C1-3F34-4200-9100-C543BF4C3783}.Debug|Any CPU.Build.0 = Debug|Any CPU
		{BDFEE6C1-3F34-4200-9100-C543BF4C3783}.Debug|x64.ActiveCfg = Debug|Any CPU
		{BDFEE6C1-3F34-4200-9100-C543BF4C3783}.Debug|x64.Build.0 = Debug|Any CPU
		{BDFEE6C1-3F34-4200-9100-C543BF4C3783}.Debug|x86.ActiveCfg = Debug|Any CPU
		{BDFEE6C1-3F34-4200-9100-C543BF4C3783}.Debug|x86.Build.0 = Debug|Any CPU
		{BDFEE6C1-3F34-4200-9100-C543BF4C3783}.Release|Any CPU.ActiveCfg = Release|Any CPU
		{BDFEE6C1-3F34-4200-9100-C543BF4C3783}.Release|Any CPU.Build.0 = Release|Any CPU
		{BDFEE6C1-3F34-4200-9100-C543BF4C3783}.Release|x64.ActiveCfg = Release|Any CPU
		{BDFEE6C1-3F34-4200-9100-C543BF4C3783}.Release|x64.Build.0 = Release|Any CPU
		{BDFEE6C1-3F34-4200-9100-C543BF4C3783}.Release|x86.ActiveCfg = Release|Any CPU
		{BDFEE6C1-3F34-4200-9100-C543BF4C3783}.Release|x86.Build.0 = Release|Any CPU
		{BDFEE6C1-3F34-4200-9100-C543BF4C3783}.Setup|Any CPU.ActiveCfg = Setup|Any CPU
		{BDFEE6C1-3F34-4200-9100-C543BF4C3783}.Setup|Any CPU.Build.0 = Setup|Any CPU
		{BDFEE6C1-3F34-4200-9100-C543BF4C3783}.Setup|x64.ActiveCfg = Setup|Any CPU
		{BDFEE6C1-3F34-4200-9100-C543BF4C3783}.Setup|x64.Build.0 = Setup|Any CPU
		{BDFEE6C1-3F34-4200-9100-C543BF4C3783}.Setup|x86.ActiveCfg = Setup|Any CPU
		{BDFEE6C1-3F34-4200-9100-C543BF4C3783}.Setup|x86.Build.0 = Setup|Any CPU
		{BDFEE6C1-3F34-4200-9100-C543BF4C3783}.Vso-Ci|Any CPU.ActiveCfg = Vso-Ci|Any CPU
		{BDFEE6C1-3F34-4200-9100-C543BF4C3783}.Vso-Ci|Any CPU.Build.0 = Vso-Ci|Any CPU
		{BDFEE6C1-3F34-4200-9100-C543BF4C3783}.Vso-Ci|x64.ActiveCfg = Vso-Ci|Any CPU
		{BDFEE6C1-3F34-4200-9100-C543BF4C3783}.Vso-Ci|x64.Build.0 = Vso-Ci|Any CPU
		{BDFEE6C1-3F34-4200-9100-C543BF4C3783}.Vso-Ci|x86.ActiveCfg = Vso-Ci|Any CPU
		{BDFEE6C1-3F34-4200-9100-C543BF4C3783}.Vso-Ci|x86.Build.0 = Vso-Ci|Any CPU
		{746E1493-1B1E-482C-8FA4-C147237F4F7B}.Debug|Any CPU.ActiveCfg = Debug|x86
		{746E1493-1B1E-482C-8FA4-C147237F4F7B}.Debug|x64.ActiveCfg = Debug|x86
		{746E1493-1B1E-482C-8FA4-C147237F4F7B}.Debug|x86.ActiveCfg = Debug|x86
		{746E1493-1B1E-482C-8FA4-C147237F4F7B}.Debug|x86.Build.0 = Debug|x86
		{746E1493-1B1E-482C-8FA4-C147237F4F7B}.Release|Any CPU.ActiveCfg = Release|x86
		{746E1493-1B1E-482C-8FA4-C147237F4F7B}.Release|Any CPU.Build.0 = Release|x86
		{746E1493-1B1E-482C-8FA4-C147237F4F7B}.Release|x64.ActiveCfg = Release|x86
		{746E1493-1B1E-482C-8FA4-C147237F4F7B}.Release|x86.ActiveCfg = Release|x86
		{746E1493-1B1E-482C-8FA4-C147237F4F7B}.Release|x86.Build.0 = Release|x86
		{746E1493-1B1E-482C-8FA4-C147237F4F7B}.Setup|Any CPU.ActiveCfg = Setup|x86
		{746E1493-1B1E-482C-8FA4-C147237F4F7B}.Setup|Any CPU.Build.0 = Setup|x86
		{746E1493-1B1E-482C-8FA4-C147237F4F7B}.Setup|x64.ActiveCfg = Setup|x86
		{746E1493-1B1E-482C-8FA4-C147237F4F7B}.Setup|x86.ActiveCfg = Setup|x86
		{746E1493-1B1E-482C-8FA4-C147237F4F7B}.Setup|x86.Build.0 = Setup|x86
		{746E1493-1B1E-482C-8FA4-C147237F4F7B}.Vso-Ci|Any CPU.ActiveCfg = Setup|x86
		{746E1493-1B1E-482C-8FA4-C147237F4F7B}.Vso-Ci|x64.ActiveCfg = Setup|x86
		{746E1493-1B1E-482C-8FA4-C147237F4F7B}.Vso-Ci|x64.Build.0 = Setup|x86
		{746E1493-1B1E-482C-8FA4-C147237F4F7B}.Vso-Ci|x86.ActiveCfg = Setup|x86
		{746E1493-1B1E-482C-8FA4-C147237F4F7B}.Vso-Ci|x86.Build.0 = Setup|x86
		{3F2A5C9A-1776-4252-B370-5965362A94E6}.Debug|Any CPU.ActiveCfg = Debug|Any CPU
		{3F2A5C9A-1776-4252-B370-5965362A94E6}.Debug|Any CPU.Build.0 = Debug|Any CPU
		{3F2A5C9A-1776-4252-B370-5965362A94E6}.Debug|x64.ActiveCfg = Debug|Any CPU
		{3F2A5C9A-1776-4252-B370-5965362A94E6}.Debug|x64.Build.0 = Debug|Any CPU
		{3F2A5C9A-1776-4252-B370-5965362A94E6}.Debug|x86.ActiveCfg = Debug|Any CPU
		{3F2A5C9A-1776-4252-B370-5965362A94E6}.Debug|x86.Build.0 = Debug|Any CPU
		{3F2A5C9A-1776-4252-B370-5965362A94E6}.Release|Any CPU.ActiveCfg = Release|Any CPU
		{3F2A5C9A-1776-4252-B370-5965362A94E6}.Release|Any CPU.Build.0 = Release|Any CPU
		{3F2A5C9A-1776-4252-B370-5965362A94E6}.Release|x64.ActiveCfg = Release|Any CPU
		{3F2A5C9A-1776-4252-B370-5965362A94E6}.Release|x64.Build.0 = Release|Any CPU
		{3F2A5C9A-1776-4252-B370-5965362A94E6}.Release|x86.ActiveCfg = Release|Any CPU
		{3F2A5C9A-1776-4252-B370-5965362A94E6}.Release|x86.Build.0 = Release|Any CPU
		{3F2A5C9A-1776-4252-B370-5965362A94E6}.Setup|Any CPU.ActiveCfg = Setup|Any CPU
		{3F2A5C9A-1776-4252-B370-5965362A94E6}.Setup|Any CPU.Build.0 = Setup|Any CPU
		{3F2A5C9A-1776-4252-B370-5965362A94E6}.Setup|x64.ActiveCfg = Release|Any CPU
		{3F2A5C9A-1776-4252-B370-5965362A94E6}.Setup|x64.Build.0 = Release|Any CPU
		{3F2A5C9A-1776-4252-B370-5965362A94E6}.Setup|x86.ActiveCfg = Release|Any CPU
		{3F2A5C9A-1776-4252-B370-5965362A94E6}.Setup|x86.Build.0 = Release|Any CPU
		{3F2A5C9A-1776-4252-B370-5965362A94E6}.Vso-Ci|Any CPU.ActiveCfg = Vso-Ci|Any CPU
		{3F2A5C9A-1776-4252-B370-5965362A94E6}.Vso-Ci|Any CPU.Build.0 = Vso-Ci|Any CPU
		{3F2A5C9A-1776-4252-B370-5965362A94E6}.Vso-Ci|x64.ActiveCfg = Release|Any CPU
		{3F2A5C9A-1776-4252-B370-5965362A94E6}.Vso-Ci|x64.Build.0 = Release|Any CPU
		{3F2A5C9A-1776-4252-B370-5965362A94E6}.Vso-Ci|x86.ActiveCfg = Release|Any CPU
		{3F2A5C9A-1776-4252-B370-5965362A94E6}.Vso-Ci|x86.Build.0 = Release|Any CPU
		{EB6953E3-E0C3-468D-BD7E-2811CB275C75}.Debug|Any CPU.ActiveCfg = Debug|Any CPU
		{EB6953E3-E0C3-468D-BD7E-2811CB275C75}.Debug|Any CPU.Build.0 = Debug|Any CPU
		{EB6953E3-E0C3-468D-BD7E-2811CB275C75}.Debug|x64.ActiveCfg = Debug|Any CPU
		{EB6953E3-E0C3-468D-BD7E-2811CB275C75}.Debug|x64.Build.0 = Debug|Any CPU
		{EB6953E3-E0C3-468D-BD7E-2811CB275C75}.Debug|x86.ActiveCfg = Debug|Any CPU
		{EB6953E3-E0C3-468D-BD7E-2811CB275C75}.Debug|x86.Build.0 = Debug|Any CPU
		{EB6953E3-E0C3-468D-BD7E-2811CB275C75}.Release|Any CPU.ActiveCfg = Release|Any CPU
		{EB6953E3-E0C3-468D-BD7E-2811CB275C75}.Release|Any CPU.Build.0 = Release|Any CPU
		{EB6953E3-E0C3-468D-BD7E-2811CB275C75}.Release|x64.ActiveCfg = Release|Any CPU
		{EB6953E3-E0C3-468D-BD7E-2811CB275C75}.Release|x64.Build.0 = Release|Any CPU
		{EB6953E3-E0C3-468D-BD7E-2811CB275C75}.Release|x86.ActiveCfg = Release|Any CPU
		{EB6953E3-E0C3-468D-BD7E-2811CB275C75}.Release|x86.Build.0 = Release|Any CPU
		{EB6953E3-E0C3-468D-BD7E-2811CB275C75}.Setup|Any CPU.ActiveCfg = Setup|Any CPU
		{EB6953E3-E0C3-468D-BD7E-2811CB275C75}.Setup|Any CPU.Build.0 = Setup|Any CPU
		{EB6953E3-E0C3-468D-BD7E-2811CB275C75}.Setup|x64.ActiveCfg = Release|Any CPU
		{EB6953E3-E0C3-468D-BD7E-2811CB275C75}.Setup|x64.Build.0 = Release|Any CPU
		{EB6953E3-E0C3-468D-BD7E-2811CB275C75}.Setup|x86.ActiveCfg = Release|Any CPU
		{EB6953E3-E0C3-468D-BD7E-2811CB275C75}.Setup|x86.Build.0 = Release|Any CPU
		{EB6953E3-E0C3-468D-BD7E-2811CB275C75}.Vso-Ci|Any CPU.ActiveCfg = Vso-Ci|Any CPU
		{EB6953E3-E0C3-468D-BD7E-2811CB275C75}.Vso-Ci|Any CPU.Build.0 = Vso-Ci|Any CPU
		{EB6953E3-E0C3-468D-BD7E-2811CB275C75}.Vso-Ci|x64.ActiveCfg = Release|Any CPU
		{EB6953E3-E0C3-468D-BD7E-2811CB275C75}.Vso-Ci|x64.Build.0 = Release|Any CPU
		{EB6953E3-E0C3-468D-BD7E-2811CB275C75}.Vso-Ci|x86.ActiveCfg = Release|Any CPU
		{EB6953E3-E0C3-468D-BD7E-2811CB275C75}.Vso-Ci|x86.Build.0 = Release|Any CPU
		{D8A20813-2BAC-4094-9586-927121C10D06}.Debug|Any CPU.ActiveCfg = Debug|x86
		{D8A20813-2BAC-4094-9586-927121C10D06}.Debug|x64.ActiveCfg = Debug|x86
		{D8A20813-2BAC-4094-9586-927121C10D06}.Debug|x86.ActiveCfg = Debug|x86
		{D8A20813-2BAC-4094-9586-927121C10D06}.Debug|x86.Build.0 = Debug|x86
		{D8A20813-2BAC-4094-9586-927121C10D06}.Release|Any CPU.ActiveCfg = Release|x86
		{D8A20813-2BAC-4094-9586-927121C10D06}.Release|Any CPU.Build.0 = Release|x86
		{D8A20813-2BAC-4094-9586-927121C10D06}.Release|x64.ActiveCfg = Release|x86
		{D8A20813-2BAC-4094-9586-927121C10D06}.Release|x86.ActiveCfg = Release|x86
		{D8A20813-2BAC-4094-9586-927121C10D06}.Release|x86.Build.0 = Release|x86
		{D8A20813-2BAC-4094-9586-927121C10D06}.Setup|Any CPU.ActiveCfg = Setup|x86
		{D8A20813-2BAC-4094-9586-927121C10D06}.Setup|Any CPU.Build.0 = Setup|x86
		{D8A20813-2BAC-4094-9586-927121C10D06}.Setup|x64.ActiveCfg = Release|x86
		{D8A20813-2BAC-4094-9586-927121C10D06}.Setup|x64.Build.0 = Release|x86
		{D8A20813-2BAC-4094-9586-927121C10D06}.Setup|x86.ActiveCfg = Release|x86
		{D8A20813-2BAC-4094-9586-927121C10D06}.Setup|x86.Build.0 = Release|x86
		{D8A20813-2BAC-4094-9586-927121C10D06}.Vso-Ci|Any CPU.ActiveCfg = Vso-Ci|x86
		{D8A20813-2BAC-4094-9586-927121C10D06}.Vso-Ci|x64.ActiveCfg = Release|x86
		{D8A20813-2BAC-4094-9586-927121C10D06}.Vso-Ci|x64.Build.0 = Release|x86
		{D8A20813-2BAC-4094-9586-927121C10D06}.Vso-Ci|x86.ActiveCfg = Release|x86
		{D8A20813-2BAC-4094-9586-927121C10D06}.Vso-Ci|x86.Build.0 = Release|x86
		{666B7E5E-D48A-42CF-91A6-8E58E90B830D}.Debug|Any CPU.ActiveCfg = Debug|Any CPU
		{666B7E5E-D48A-42CF-91A6-8E58E90B830D}.Debug|Any CPU.Build.0 = Debug|Any CPU
		{666B7E5E-D48A-42CF-91A6-8E58E90B830D}.Debug|x64.ActiveCfg = Debug|Any CPU
		{666B7E5E-D48A-42CF-91A6-8E58E90B830D}.Debug|x64.Build.0 = Debug|Any CPU
		{666B7E5E-D48A-42CF-91A6-8E58E90B830D}.Debug|x86.ActiveCfg = Debug|Any CPU
		{666B7E5E-D48A-42CF-91A6-8E58E90B830D}.Debug|x86.Build.0 = Debug|Any CPU
		{666B7E5E-D48A-42CF-91A6-8E58E90B830D}.Release|Any CPU.ActiveCfg = Release|Any CPU
		{666B7E5E-D48A-42CF-91A6-8E58E90B830D}.Release|Any CPU.Build.0 = Release|Any CPU
		{666B7E5E-D48A-42CF-91A6-8E58E90B830D}.Release|x64.ActiveCfg = Release|Any CPU
		{666B7E5E-D48A-42CF-91A6-8E58E90B830D}.Release|x64.Build.0 = Release|Any CPU
		{666B7E5E-D48A-42CF-91A6-8E58E90B830D}.Release|x86.ActiveCfg = Release|Any CPU
		{666B7E5E-D48A-42CF-91A6-8E58E90B830D}.Release|x86.Build.0 = Release|Any CPU
		{666B7E5E-D48A-42CF-91A6-8E58E90B830D}.Setup|Any CPU.ActiveCfg = Setup|Any CPU
		{666B7E5E-D48A-42CF-91A6-8E58E90B830D}.Setup|Any CPU.Build.0 = Setup|Any CPU
		{666B7E5E-D48A-42CF-91A6-8E58E90B830D}.Setup|x64.ActiveCfg = Setup|Any CPU
		{666B7E5E-D48A-42CF-91A6-8E58E90B830D}.Setup|x64.Build.0 = Setup|Any CPU
		{666B7E5E-D48A-42CF-91A6-8E58E90B830D}.Setup|x86.ActiveCfg = Setup|Any CPU
		{666B7E5E-D48A-42CF-91A6-8E58E90B830D}.Setup|x86.Build.0 = Setup|Any CPU
		{666B7E5E-D48A-42CF-91A6-8E58E90B830D}.Vso-Ci|Any CPU.ActiveCfg = Vso-Ci|Any CPU
		{666B7E5E-D48A-42CF-91A6-8E58E90B830D}.Vso-Ci|Any CPU.Build.0 = Vso-Ci|Any CPU
		{666B7E5E-D48A-42CF-91A6-8E58E90B830D}.Vso-Ci|x64.ActiveCfg = Vso-Ci|Any CPU
		{666B7E5E-D48A-42CF-91A6-8E58E90B830D}.Vso-Ci|x64.Build.0 = Vso-Ci|Any CPU
		{666B7E5E-D48A-42CF-91A6-8E58E90B830D}.Vso-Ci|x86.ActiveCfg = Vso-Ci|Any CPU
		{666B7E5E-D48A-42CF-91A6-8E58E90B830D}.Vso-Ci|x86.Build.0 = Vso-Ci|Any CPU
		{8C226D4E-FB23-4501-AEAE-796028C9874B}.Debug|Any CPU.ActiveCfg = Debug|Any CPU
		{8C226D4E-FB23-4501-AEAE-796028C9874B}.Debug|Any CPU.Build.0 = Debug|Any CPU
		{8C226D4E-FB23-4501-AEAE-796028C9874B}.Debug|x64.ActiveCfg = Debug|Any CPU
		{8C226D4E-FB23-4501-AEAE-796028C9874B}.Debug|x64.Build.0 = Debug|Any CPU
		{8C226D4E-FB23-4501-AEAE-796028C9874B}.Debug|x86.ActiveCfg = Debug|Any CPU
		{8C226D4E-FB23-4501-AEAE-796028C9874B}.Debug|x86.Build.0 = Debug|Any CPU
		{8C226D4E-FB23-4501-AEAE-796028C9874B}.Release|Any CPU.ActiveCfg = Release|Any CPU
		{8C226D4E-FB23-4501-AEAE-796028C9874B}.Release|Any CPU.Build.0 = Release|Any CPU
		{8C226D4E-FB23-4501-AEAE-796028C9874B}.Release|x64.ActiveCfg = Release|Any CPU
		{8C226D4E-FB23-4501-AEAE-796028C9874B}.Release|x64.Build.0 = Release|Any CPU
		{8C226D4E-FB23-4501-AEAE-796028C9874B}.Release|x86.ActiveCfg = Release|Any CPU
		{8C226D4E-FB23-4501-AEAE-796028C9874B}.Release|x86.Build.0 = Release|Any CPU
		{8C226D4E-FB23-4501-AEAE-796028C9874B}.Setup|Any CPU.ActiveCfg = Setup|Any CPU
		{8C226D4E-FB23-4501-AEAE-796028C9874B}.Setup|Any CPU.Build.0 = Setup|Any CPU
		{8C226D4E-FB23-4501-AEAE-796028C9874B}.Setup|x64.ActiveCfg = Setup|Any CPU
		{8C226D4E-FB23-4501-AEAE-796028C9874B}.Setup|x64.Build.0 = Setup|Any CPU
		{8C226D4E-FB23-4501-AEAE-796028C9874B}.Setup|x86.ActiveCfg = Setup|Any CPU
		{8C226D4E-FB23-4501-AEAE-796028C9874B}.Setup|x86.Build.0 = Setup|Any CPU
		{8C226D4E-FB23-4501-AEAE-796028C9874B}.Vso-Ci|Any CPU.ActiveCfg = Vso-Ci|Any CPU
		{8C226D4E-FB23-4501-AEAE-796028C9874B}.Vso-Ci|Any CPU.Build.0 = Vso-Ci|Any CPU
		{8C226D4E-FB23-4501-AEAE-796028C9874B}.Vso-Ci|x64.ActiveCfg = Vso-Ci|Any CPU
		{8C226D4E-FB23-4501-AEAE-796028C9874B}.Vso-Ci|x64.Build.0 = Vso-Ci|Any CPU
		{8C226D4E-FB23-4501-AEAE-796028C9874B}.Vso-Ci|x86.ActiveCfg = Vso-Ci|Any CPU
		{8C226D4E-FB23-4501-AEAE-796028C9874B}.Vso-Ci|x86.Build.0 = Vso-Ci|Any CPU
	EndGlobalSection
	GlobalSection(SolutionProperties) = preSolution
		HideSolutionNode = FALSE
	EndGlobalSection
	GlobalSection(NestedProjects) = preSolution
		{C14AF02F-B11C-4479-8E8F-4F520FCB8D50} = {B7F29690-10BF-4CC2-AD00-9FD0D42ED765}
		{77402065-C813-43A2-B02F-A130EC546A90} = {B7F29690-10BF-4CC2-AD00-9FD0D42ED765}
		{2E7B1308-8149-4B03-9CB9-48E0B7151560} = {914705CC-C9EF-4F33-8412-080D84924CE0}
		{2AC2B698-58E4-45EA-A69E-D8380FA73B3E} = {0A7C66AA-7788-4EA5-AC94-8CBB354010CD}
		{48664FD8-69B3-4A6D-82DC-F32CC5B51D01} = {B7F29690-10BF-4CC2-AD00-9FD0D42ED765}
		{6C85CD96-6C59-4172-9C9E-62D216D40ED1} = {2E9CE94F-9664-44CB-90B5-D1E0253E528C}
		{352C0710-FE0D-41CE-AC98-A1AF992F9EFF} = {0A7C66AA-7788-4EA5-AC94-8CBB354010CD}
		{2029399E-696B-46F4-822D-BE3DF61C8256} = {0A7C66AA-7788-4EA5-AC94-8CBB354010CD}
		{C5F54FA8-376E-442F-AE3C-DCFDC112B190} = {2E9CE94F-9664-44CB-90B5-D1E0253E528C}
		{F2BB13C0-6970-427F-9AA8-98390741EFF2} = {2E9CE94F-9664-44CB-90B5-D1E0253E528C}
		{F763C2B0-CB6B-42A4-9BB4-C9FB375BEC3C} = {2E9CE94F-9664-44CB-90B5-D1E0253E528C}
		{BB7BD7A5-B266-402C-9C53-A42B5A07D101} = {C14AF02F-B11C-4479-8E8F-4F520FCB8D50}
		{D4824C54-8F53-4711-A727-535376656B28} = {77402065-C813-43A2-B02F-A130EC546A90}
		{0EB3EFF1-FA71-4E65-8B4F-4C6FC632817B} = {48664FD8-69B3-4A6D-82DC-F32CC5B51D01}
		{9CD3871B-9A42-497B-9004-77C42C856889} = {48664FD8-69B3-4A6D-82DC-F32CC5B51D01}
		{061F7B7B-89AE-4095-B3BB-B297F015A038} = {48664FD8-69B3-4A6D-82DC-F32CC5B51D01}
		{1049E49F-753E-4C98-ACAF-BE4250C2DC3D} = {48664FD8-69B3-4A6D-82DC-F32CC5B51D01}
		{C89BC92A-4183-48A6-B039-AD76AA1DF48F} = {914705CC-C9EF-4F33-8412-080D84924CE0}
		{BDFEE6C1-3F34-4200-9100-C543BF4C3783} = {B7F29690-10BF-4CC2-AD00-9FD0D42ED765}
		{746E1493-1B1E-482C-8FA4-C147237F4F7B} = {738340DC-D00E-4A6F-A715-552CA5C5C6C6}
		{3F2A5C9A-1776-4252-B370-5965362A94E6} = {738340DC-D00E-4A6F-A715-552CA5C5C6C6}
		{EB6953E3-E0C3-468D-BD7E-2811CB275C75} = {738340DC-D00E-4A6F-A715-552CA5C5C6C6}
		{D8A20813-2BAC-4094-9586-927121C10D06} = {738340DC-D00E-4A6F-A715-552CA5C5C6C6}
		{666B7E5E-D48A-42CF-91A6-8E58E90B830D} = {C14AF02F-B11C-4479-8E8F-4F520FCB8D50}
		{8C226D4E-FB23-4501-AEAE-796028C9874B} = {C14AF02F-B11C-4479-8E8F-4F520FCB8D50}
	EndGlobalSection
EndGlobal
